
Microsoft Visual Studio Solution File, Format Version 12.00
# Visual Studio 15
VisualStudioVersion = 15.0.28307.705
MinimumVisualStudioVersion = 10.0.40219.1
Project("{FAE04EC0-301F-11D3-BF4B-00C04F79EFBC}") = "Net", "Net\Net.csproj", "{066CC629-1729-4EA7-9239-F70690E81480}"
EndProject
Global
	GlobalSection(SolutionConfigurationPlatforms) = preSolution
		Debug|Any CPU = Debug|Any CPU
		Release|Any CPU = Release|Any CPU
	EndGlobalSection
	GlobalSection(ProjectConfigurationPlatforms) = postSolution
		{066CC629-1729-4EA7-9239-F70690E81480}.Debug|Any CPU.ActiveCfg = Debug|Any CPU
		{066CC629-1729-4EA7-9239-F70690E81480}.Debug|Any CPU.Build.0 = Debug|Any CPU
		{066CC629-1729-4EA7-9239-F70690E81480}.Release|Any CPU.ActiveCfg = Release|Any CPU
		{066CC629-1729-4EA7-9239-F70690E81480}.Release|Any CPU.Build.0 = Release|Any CPU
	EndGlobalSection
	GlobalSection(SolutionProperties) = preSolution
		HideSolutionNode = FALSE
	EndGlobalSection
	GlobalSection(ExtensibilityGlobals) = postSolution
		SolutionGuid = {CE9CCC0B-3D82-4A82-9134-D45D364E556A}
	EndGlobalSection
EndGlobal
